{
  "nodes": {
    "napalm": {
      "inputs": {
        "nixpkgs": "nixpkgs"
      },
      "locked": {
        "lastModified": 1628081231,
        "narHash": "sha256-rSn5OsdrDRNUJlNHGCmmKeLBr9Z019cuzrD+EScEaNw=",
        "owner": "ngi-nix",
        "repo": "napalm",
        "rev": "bc584603ca3af546a96d0797849e8a3d6a1d2ac7",
        "type": "github"
      },
      "original": {
        "owner": "ngi-nix",
        "repo": "napalm",
        "type": "github"
      }
    },
    "nixpkgs": {
      "locked": {
        "lastModified": 1628083366,
        "narHash": "sha256-IlGlpZSM7IPo36hfdKqNehG7fBHEcuZmV2DCZcUwzbE=",
        "owner": "NixOS",
        "repo": "nixpkgs",
        "rev": "5310ebc9d2cf5046af495738f49bc384d6065800",
        "type": "github"
      },
      "original": {
        "id": "nixpkgs",
        "type": "indirect"
      }
    },
    "nixpkgs_2": {
      "locked": {
        "lastModified": 1627892869,
        "narHash": "sha256-Fg0KPi9oGTZ7Ju7rb8foq0GOZI3++ZaF6wf10ClMA58=",
        "owner": "NixOS",
        "repo": "nixpkgs",
        "rev": "d4590d21006387dcb190c516724cb1e41c0f8fdf",
        "type": "github"
      },
      "original": {
        "id": "nixpkgs",
        "ref": "nixos-21.05",
        "type": "indirect"
      }
    },
    "root": {
      "inputs": {
        "napalm": "napalm",
        "nixpkgs": "nixpkgs_2",
        "webshell-app-ace": "webshell-app-ace",
        "webshell-app-example-image": "webshell-app-example-image",
        "webshell-app-jsoneditor": "webshell-app-jsoneditor",
        "webshell-app-quill": "webshell-app-quill",
        "webshell-app-textarea": "webshell-app-textarea",
        "webshell-sandbox": "webshell-sandbox"
      }
    },
    "webshell-app-ace": {
      "flake": false,
      "locked": {
        "lastModified": 1572560228,
        "narHash": "sha256-07lgJdePOMo+QLPLx69gmn3uwoJwUibAw9GWNDbEeQY=",
        "owner": "websh-org",
        "repo": "app-ace",
        "rev": "33b58a11dd2a95481d1b4c096083f77c2c5115fc",
        "type": "github"
      },
      "original": {
        "owner": "websh-org",
        "repo": "app-ace",
        "type": "github"
      }
    },
    "webshell-app-example-image": {
      "flake": false,
      "locked": {
        "lastModified": 1572327336,
        "narHash": "sha256-3UNWjNjIJ5L3IZQIg8i9kMtE1ACJ6HDbjTueyhbQN30=",
        "owner": "websh-org",
        "repo": "app-example-image",
        "rev": "ea64e5c1865a32d6172681db647066c22c55cd86",
        "type": "github"
      },
      "original": {
        "owner": "websh-org",
        "repo": "app-example-image",
        "type": "github"
      }
    },
    "webshell-app-jsoneditor": {
      "flake": false,
      "locked": {
        "lastModified": 1572315253,
        "narHash": "sha256-Xi9OTQ/PRh3nLnaJAmmS+KsyLGBg6Cfzhxb4rKbbOD8=",
        "owner": "websh-org",
        "repo": "app-jsoneditor",
        "rev": "54ce697215fd0592dadd6b8128d3f908499cbe2e",
        "type": "github"
      },
      "original": {
        "owner": "websh-org",
        "repo": "app-jsoneditor",
        "type": "github"
      }
    },
    "webshell-app-quill": {
      "flake": false,
      "locked": {
        "lastModified": 1572313748,
        "narHash": "sha256-s5FxuMb47W+VgcCXNrirqICj+LvLACPq7wBj6+L/hak=",
        "owner": "websh-org",
        "repo": "app-quill",
        "rev": "402f85e56b80ed3d24ae138e77e1a97b490d8dfe",
        "type": "github"
      },
      "original": {
        "owner": "websh-org",
        "repo": "app-quill",
        "type": "github"
      }
    },
    "webshell-app-textarea": {
      "flake": false,
      "locked": {
        "lastModified": 1571001522,
        "narHash": "sha256-HPN3OHshnMj9OH312rxJMdRNw6PZu2Z2PRt/IDlVpmg=",
        "owner": "websh-org",
        "repo": "app-textarea",
        "rev": "0c823817b964752a30ebad07b13c019df3611359",
        "type": "github"
      },
      "original": {
        "owner": "websh-org",
        "repo": "app-textarea",
        "type": "github"
      }
    },
    "webshell-sandbox": {
      "flake": false,
      "locked": {
        "lastModified": 1576019733,
        "narHash": "sha256-YDNKpoTPWkFuhuGg+65XPtxYImjcR7WQyg7bodtsyBs=",
        "owner": "websh-org",
        "repo": "sandbox",
        "rev": "7cc5d8ca332a3e595f44a1bba431a16b2a6fda03",
        "type": "github"
      },
      "original": {
        "owner": "websh-org",
        "repo": "sandbox",
        "type": "github"
      }
    }
  },
  "root": "root",
  "version": 7
}
